
Microsoft Visual Studio Solution File, Format Version 12.00
# Visual Studio Version 16
VisualStudioVersion = 16.0.31613.86
MinimumVisualStudioVersion = 10.0.40219.1
Project("{FAE04EC0-301F-11D3-BF4B-00C04F79EFBC}") = "BAITHUCHANHSO2", "BAITHUCHANHSO2\BAITHUCHANHSO2.csproj", "{C1CA908A-97BE-43F0-B275-4A0C38D25FD7}"
EndProject
Global
	GlobalSection(SolutionConfigurationPlatforms) = preSolution
		Debug|Any CPU = Debug|Any CPU
		Release|Any CPU = Release|Any CPU
	EndGlobalSection
	GlobalSection(ProjectConfigurationPlatforms) = postSolution
		{C1CA908A-97BE-43F0-B275-4A0C38D25FD7}.Debug|Any CPU.ActiveCfg = Debug|Any CPU
		{C1CA908A-97BE-43F0-B275-4A0C38D25FD7}.Debug|Any CPU.Build.0 = Debug|Any CPU
		{C1CA908A-97BE-43F0-B275-4A0C38D25FD7}.Release|Any CPU.ActiveCfg = Release|Any CPU
		{C1CA908A-97BE-43F0-B275-4A0C38D25FD7}.Release|Any CPU.Build.0 = Release|Any CPU
	EndGlobalSection
	GlobalSection(SolutionProperties) = preSolution
		HideSolutionNode = FALSE
	EndGlobalSection
	GlobalSection(ExtensibilityGlobals) = postSolution
		SolutionGuid = {5ED12162-9503-4EC6-9196-3F3BBF4C7416}
	EndGlobalSection
EndGlobal
